
Microsoft Visual Studio Solution File, Format Version 12.00
# Visual Studio Version 17
VisualStudioVersion = 17.13.35931.197 d17.13
MinimumVisualStudioVersion = 10.0.40219.1
Project("{FAE04EC0-301F-11D3-BF4B-00C04F79EFBC}") = "VMS", "VMS\VMS.csproj", "{43196EB6-6FC4-418D-95AB-BBE0A80ACC5B}"
EndProject
Global
	GlobalSection(SolutionConfigurationPlatforms) = preSolution
		Debug|Any CPU = Debug|Any CPU
		Release|Any CPU = Release|Any CPU
	EndGlobalSection
	GlobalSection(ProjectConfigurationPlatforms) = postSolution
		{43196EB6-6FC4-418D-95AB-BBE0A80ACC5B}.Debug|Any CPU.ActiveCfg = Debug|Any CPU
		{43196EB6-6FC4-418D-95AB-BBE0A80ACC5B}.Debug|Any CPU.Build.0 = Debug|Any CPU
		{43196EB6-6FC4-418D-95AB-BBE0A80ACC5B}.Release|Any CPU.ActiveCfg = Release|Any CPU
		{43196EB6-6FC4-418D-95AB-BBE0A80ACC5B}.Release|Any CPU.Build.0 = Release|Any CPU
	EndGlobalSection
	GlobalSection(SolutionProperties) = preSolution
		HideSolutionNode = FALSE
	EndGlobalSection
	GlobalSection(ExtensibilityGlobals) = postSolution
		SolutionGuid = {0C6B52ED-D5BE-46F6-99D4-47BC766B69C2}
	EndGlobalSection
EndGlobal
